
Microsoft Visual Studio Solution File, Format Version 12.00
# Visual Studio Version 16
VisualStudioVersion = 16.0.30717.126
MinimumVisualStudioVersion = 10.0.40219.1
Project("{FAE04EC0-301F-11D3-BF4B-00C04F79EFBC}") = "ChuyenDe", "QLCV\ChuyenDe.csproj", "{92B2A920-6FB6-408B-B159-F863C7C183A6}"
EndProject
Global
	GlobalSection(SolutionConfigurationPlatforms) = preSolution
		Debug|Any CPU = Debug|Any CPU
		Release|Any CPU = Release|Any CPU
	EndGlobalSection
	GlobalSection(ProjectConfigurationPlatforms) = postSolution
		{92B2A920-6FB6-408B-B159-F863C7C183A6}.Debug|Any CPU.ActiveCfg = Debug|Any CPU
		{92B2A920-6FB6-408B-B159-F863C7C183A6}.Debug|Any CPU.Build.0 = Debug|Any CPU
		{92B2A920-6FB6-408B-B159-F863C7C183A6}.Release|Any CPU.ActiveCfg = Release|Any CPU
		{92B2A920-6FB6-408B-B159-F863C7C183A6}.Release|Any CPU.Build.0 = Release|Any CPU
	EndGlobalSection
	GlobalSection(SolutionProperties) = preSolution
		HideSolutionNode = FALSE
	EndGlobalSection
	GlobalSection(ExtensibilityGlobals) = postSolution
		SolutionGuid = {162BAFF0-86F5-494E-8AB3-CF9B28A5420D}
	EndGlobalSection
EndGlobal
